
Microsoft Visual Studio Solution File, Format Version 12.00
# Visual Studio Version 16
VisualStudioVersion = 25.0.1703.8
MinimumVisualStudioVersion = 10.0.40219.1
Project("{FAE04EC0-301F-11D3-BF4B-00C04F79EFBC}") = "BlazorWeatherSchoolAPP", "BlazorWeatherSchoolAPP\BlazorWeatherSchoolAPP.csproj", "{474A81E9-5C38-4102-8961-4EF10B22E340}"
EndProject
Project("{FAE04EC0-301F-11D3-BF4B-00C04F79EFBC}") = "WeatherAPI", "WeatherAPI\WeatherAPI.csproj", "{EDFC54EA-A6C6-4DD9-9A8E-F76F9BB18831}"
EndProject
Project("{FAE04EC0-301F-11D3-BF4B-00C04F79EFBC}") = "DBConnect", "DBConnect\DBConnect.csproj", "{95E68FBC-D1BB-4FFC-822E-4BA3102A6AB0}"
EndProject
Project("{FAE04EC0-301F-11D3-BF4B-00C04F79EFBC}") = "DataProcessing", "DataProcessing\DataProcessing.csproj", "{B9AAF0B8-2FA3-4ECD-B5E6-197BABA24038}"
EndProject
Project("{2150E333-8FDC-42A3-9474-1A3956D46DE8}") = "Solution Items", "Solution Items", "{40CCC617-FAA9-4AF3-A7D6-A55F14883F84}"
	ProjectSection(SolutionItems) = preProject
		DockerScript.sh = DockerScript.sh
	EndProjectSection
EndProject
Global
	GlobalSection(SolutionConfigurationPlatforms) = preSolution
		Debug|Any CPU = Debug|Any CPU
		Release|Any CPU = Release|Any CPU
	EndGlobalSection
	GlobalSection(ProjectConfigurationPlatforms) = postSolution
		{474A81E9-5C38-4102-8961-4EF10B22E340}.Debug|Any CPU.ActiveCfg = Debug|Any CPU
		{474A81E9-5C38-4102-8961-4EF10B22E340}.Debug|Any CPU.Build.0 = Debug|Any CPU
		{474A81E9-5C38-4102-8961-4EF10B22E340}.Release|Any CPU.ActiveCfg = Release|Any CPU
		{474A81E9-5C38-4102-8961-4EF10B22E340}.Release|Any CPU.Build.0 = Release|Any CPU
		{EDFC54EA-A6C6-4DD9-9A8E-F76F9BB18831}.Debug|Any CPU.ActiveCfg = Debug|Any CPU
		{EDFC54EA-A6C6-4DD9-9A8E-F76F9BB18831}.Debug|Any CPU.Build.0 = Debug|Any CPU
		{EDFC54EA-A6C6-4DD9-9A8E-F76F9BB18831}.Release|Any CPU.ActiveCfg = Release|Any CPU
		{EDFC54EA-A6C6-4DD9-9A8E-F76F9BB18831}.Release|Any CPU.Build.0 = Release|Any CPU
		{95E68FBC-D1BB-4FFC-822E-4BA3102A6AB0}.Debug|Any CPU.ActiveCfg = Debug|Any CPU
		{95E68FBC-D1BB-4FFC-822E-4BA3102A6AB0}.Debug|Any CPU.Build.0 = Debug|Any CPU
		{95E68FBC-D1BB-4FFC-822E-4BA3102A6AB0}.Release|Any CPU.ActiveCfg = Release|Any CPU
		{95E68FBC-D1BB-4FFC-822E-4BA3102A6AB0}.Release|Any CPU.Build.0 = Release|Any CPU
		{B9AAF0B8-2FA3-4ECD-B5E6-197BABA24038}.Debug|Any CPU.ActiveCfg = Debug|Any CPU
		{B9AAF0B8-2FA3-4ECD-B5E6-197BABA24038}.Debug|Any CPU.Build.0 = Debug|Any CPU
		{B9AAF0B8-2FA3-4ECD-B5E6-197BABA24038}.Release|Any CPU.ActiveCfg = Release|Any CPU
		{B9AAF0B8-2FA3-4ECD-B5E6-197BABA24038}.Release|Any CPU.Build.0 = Release|Any CPU
	EndGlobalSection
	GlobalSection(SolutionProperties) = preSolution
		HideSolutionNode = FALSE
	EndGlobalSection
	GlobalSection(ExtensibilityGlobals) = postSolution
		SolutionGuid = {68DF3258-3C61-4206-A986-96829B5CAF44}
	EndGlobalSection
EndGlobal
